Microsoft Visual Studio Solution File, Format Version 7.00
Project("{8BC9CEB8-8B4A-11D0-8D11-00A0C91BC942}") = "EE642Project", "EE642Project.vcproj", "{4AB56099-E783-4AC4-B40D-FB4077A95946}"
EndProject
Global
	GlobalSection(SolutionConfiguration) = preSolution
		ConfigName.0 = Debug
		ConfigName.1 = Release
	EndGlobalSection
	GlobalSection(ProjectDependencies) = postSolution
	EndGlobalSection
	GlobalSection(ProjectConfiguration) = postSolution
		{4AB56099-E783-4AC4-B40D-FB4077A95946}.Debug.ActiveCfg = Debug|Win32
		{4AB56099-E783-4AC4-B40D-FB4077A95946}.Debug.Build.0 = Debug|Win32
		{4AB56099-E783-4AC4-B40D-FB4077A95946}.Release.ActiveCfg = Release|Win32
		{4AB56099-E783-4AC4-B40D-FB4077A95946}.Release.Build.0 = Release|Win32
	EndGlobalSection
	GlobalSection(ExtensibilityGlobals) = postSolution
	EndGlobalSection
	GlobalSection(ExtensibilityAddIns) = postSolution
	EndGlobalSection
EndGlobal
